
Microsoft Visual Studio Solution File, Format Version 12.00
# Visual Studio 15
VisualStudioVersion = 15.0.27703.2035
MinimumVisualStudioVersion = 10.0.40219.1
Project("{FAE04EC0-301F-11D3-BF4B-00C04F79EFBC}") = "pomodorro", "pomodorro\pomodorro.csproj", "{CA81D8DD-F355-42E8-B1EF-3D3F361D2053}"
EndProject
Global
	GlobalSection(SolutionConfigurationPlatforms) = preSolution
		Debug|Any CPU = Debug|Any CPU
		Release|Any CPU = Release|Any CPU
	EndGlobalSection
	GlobalSection(ProjectConfigurationPlatforms) = postSolution
		{CA81D8DD-F355-42E8-B1EF-3D3F361D2053}.Debug|Any CPU.ActiveCfg = Debug|Any CPU
		{CA81D8DD-F355-42E8-B1EF-3D3F361D2053}.Debug|Any CPU.Build.0 = Debug|Any CPU
		{CA81D8DD-F355-42E8-B1EF-3D3F361D2053}.Release|Any CPU.ActiveCfg = Release|Any CPU
		{CA81D8DD-F355-42E8-B1EF-3D3F361D2053}.Release|Any CPU.Build.0 = Release|Any CPU
	EndGlobalSection
	GlobalSection(SolutionProperties) = preSolution
		HideSolutionNode = FALSE
	EndGlobalSection
	GlobalSection(ExtensibilityGlobals) = postSolution
		SolutionGuid = {72ED1557-B7A3-4284-A345-78D78C6894B8}
	EndGlobalSection
EndGlobal
